
Microsoft Visual Studio Solution File, Format Version 12.00
# Visual Studio Version 17
VisualStudioVersion = 17.14.36221.1 d17.14
MinimumVisualStudioVersion = 10.0.40219.1
Project("{FAE04EC0-301F-11D3-BF4B-00C04F79EFBC}") = "PlaywrightCsharp", "PlaywrightCsharp.csproj", "{DB433749-A2F5-4BAD-8020-C1F6AFA01B9E}"
EndProject
Global
	GlobalSection(SolutionConfigurationPlatforms) = preSolution
		Debug|Any CPU = Debug|Any CPU
		Release|Any CPU = Release|Any CPU
	EndGlobalSection
	GlobalSection(ProjectConfigurationPlatforms) = postSolution
		{DB433749-A2F5-4BAD-8020-C1F6AFA01B9E}.Debug|Any CPU.ActiveCfg = Debug|Any CPU
		{DB433749-A2F5-4BAD-8020-C1F6AFA01B9E}.Debug|Any CPU.Build.0 = Debug|Any CPU
		{DB433749-A2F5-4BAD-8020-C1F6AFA01B9E}.Release|Any CPU.ActiveCfg = Release|Any CPU
		{DB433749-A2F5-4BAD-8020-C1F6AFA01B9E}.Release|Any CPU.Build.0 = Release|Any CPU
	EndGlobalSection
	GlobalSection(SolutionProperties) = preSolution
		HideSolutionNode = FALSE
	EndGlobalSection
	GlobalSection(ExtensibilityGlobals) = postSolution
		SolutionGuid = {2B52A66B-4597-4F33-87C8-7070B285D98F}
	EndGlobalSection
EndGlobal
